
Microsoft Visual Studio Solution File, Format Version 12.00
# Visual Studio Version 17
VisualStudioVersion = 17.8.34330.188
MinimumVisualStudioVersion = 10.0.40219.1
Project("{FAE04EC0-301F-11D3-BF4B-00C04F79EFBC}") = "Demo_2", "Demo_2.csproj", "{D8E72726-5E48-45FF-9E95-CC39E1E2E612}"
EndProject
Global
	GlobalSection(SolutionConfigurationPlatforms) = preSolution
		Debug|Any CPU = Debug|Any CPU
		Release|Any CPU = Release|Any CPU
	EndGlobalSection
	GlobalSection(ProjectConfigurationPlatforms) = postSolution
		{D8E72726-5E48-45FF-9E95-CC39E1E2E612}.Debug|Any CPU.ActiveCfg = Debug|Any CPU
		{D8E72726-5E48-45FF-9E95-CC39E1E2E612}.Debug|Any CPU.Build.0 = Debug|Any CPU
		{D8E72726-5E48-45FF-9E95-CC39E1E2E612}.Release|Any CPU.ActiveCfg = Release|Any CPU
		{D8E72726-5E48-45FF-9E95-CC39E1E2E612}.Release|Any CPU.Build.0 = Release|Any CPU
	EndGlobalSection
	GlobalSection(SolutionProperties) = preSolution
		HideSolutionNode = FALSE
	EndGlobalSection
	GlobalSection(ExtensibilityGlobals) = postSolution
		SolutionGuid = {4E5BB166-2BE3-46F1-B0D3-1EF40FE345C0}
	EndGlobalSection
EndGlobal
